
Microsoft Visual Studio Solution File, Format Version 12.00
# Visual Studio Express 2012 for Web
Project("{FAE04EC0-301F-11D3-BF4B-00C04F79EFBC}") = "fuzzy-octo-tribble", "fuzzy-octo-tribble\fuzzy-octo-tribble.csproj", "{958B553C-CC4C-451E-83A8-2420277FDA0B}"
EndProject
Global
	GlobalSection(SolutionConfigurationPlatforms) = preSolution
		Debug|Any CPU = Debug|Any CPU
		Release|Any CPU = Release|Any CPU
	EndGlobalSection
	GlobalSection(ProjectConfigurationPlatforms) = postSolution
		{958B553C-CC4C-451E-83A8-2420277FDA0B}.Debug|Any CPU.ActiveCfg = Debug|Any CPU
		{958B553C-CC4C-451E-83A8-2420277FDA0B}.Debug|Any CPU.Build.0 = Debug|Any CPU
		{958B553C-CC4C-451E-83A8-2420277FDA0B}.Release|Any CPU.ActiveCfg = Release|Any CPU
		{958B553C-CC4C-451E-83A8-2420277FDA0B}.Release|Any CPU.Build.0 = Release|Any CPU
	EndGlobalSection
	GlobalSection(SolutionProperties) = preSolution
		HideSolutionNode = FALSE
	EndGlobalSection
EndGlobal
